
Microsoft Visual Studio Solution File, Format Version 12.00
# Visual Studio 15
VisualStudioVersion = 15.0.28307.572
MinimumVisualStudioVersion = 10.0.40219.1
Project("{FAE04EC0-301F-11D3-BF4B-00C04F79EFBC}") = "05-DisplayTime", "05-DisplayTime\05-DisplayTime.csproj", "{B87A307C-1160-4864-B663-B0D1D0FC0736}"
EndProject
Global
	GlobalSection(SolutionConfigurationPlatforms) = preSolution
		Debug|Any CPU = Debug|Any CPU
		Release|Any CPU = Release|Any CPU
	EndGlobalSection
	GlobalSection(ProjectConfigurationPlatforms) = postSolution
		{B87A307C-1160-4864-B663-B0D1D0FC0736}.Debug|Any CPU.ActiveCfg = Debug|Any CPU
		{B87A307C-1160-4864-B663-B0D1D0FC0736}.Debug|Any CPU.Build.0 = Debug|Any CPU
		{B87A307C-1160-4864-B663-B0D1D0FC0736}.Release|Any CPU.ActiveCfg = Release|Any CPU
		{B87A307C-1160-4864-B663-B0D1D0FC0736}.Release|Any CPU.Build.0 = Release|Any CPU
	EndGlobalSection
	GlobalSection(SolutionProperties) = preSolution
		HideSolutionNode = FALSE
	EndGlobalSection
	GlobalSection(ExtensibilityGlobals) = postSolution
		SolutionGuid = {5C163A08-5000-4AE0-A967-790C227989CA}
	EndGlobalSection
EndGlobal
